<?xml version="1.0" encoding="utf-8"?>
<Project ToolsVersion="4.0" xmlns="http://schemas.microsoft.com/developer/msbuild/2003">
  <ItemGroup>
    <Filter Include="소스 파일">
      <UniqueIdentifier>{4FC737F1-C7A5-4376-A066-2A32D752A2FF}</UniqueIdentifier>
      <Extensions>cpp;c;cc;cxx;c++;cppm;ixx;def;odl;idl;hpj;bat;asm;asmx</Extensions>
    </Filter>
    <Filter Include="리소스 파일">
      <UniqueIdentifier>{67DA6AB6-F800-4c08-8B7A-83BB121AAD01}</UniqueIdentifier>
      <Extensions>rc;ico;cur;bmp;dlg;rc2;rct;bin;rgs;gif;jpg;jpeg;jpe;resx;tiff;tif;png;wav;mfcribbon-ms</Extensions>
    </Filter>
    <Filter Include="소스 파일\Core">
      <UniqueIdentifier>{7ffc3198-ca89-4190-90d2-016221b1c982}</UniqueIdentifier>
    </Filter>
    <Filter Include="소스 파일\Object">
      <UniqueIdentifier>{428647fb-8d6f-440d-a855-ee0949a05d33}</UniqueIdentifier>
    </Filter>
    <Filter Include="소스 파일\Etc">
      <UniqueIdentifier>{3f0aa8f4-59b3-48f6-b3ea-220e4a768635}</UniqueIdentifier>
    </Filter>
    <Filter Include="소스 파일\Scene">
      <UniqueIdentifier>{d5bbcd77-1b48-469d-85ae-700f280403eb}</UniqueIdentifier>
    </Filter>
    <Filter Include="소스 파일\Object\Map">
      <UniqueIdentifier>{ad0bedec-a1ab-4c59-ac81-6c05f5d42b19}</UniqueIdentifier>
    </Filter>
    <Filter Include="소스 파일\Object\Tower">
      <UniqueIdentifier>{5684db76-fb0b-4f07-8252-3ce87c99ce24}</UniqueIdentifier>
    </Filter>
    <Filter Include="소스 파일\Object\Enemy">
      <UniqueIdentifier>{3c554243-79c7-4702-9320-74eabdc904b2}</UniqueIdentifier>
    </Filter>
    <Filter Include="소스 파일\Object\Bullet">
      <UniqueIdentifier>{55ff64ab-ea80-4653-8a55-e2aacc97f9cd}</UniqueIdentifier>
    </Filter>
    <Filter Include="소스 파일\Scene\Stage">
      <UniqueIdentifier>{b8782c76-858c-49f9-b854-fb0c4d0ecd6d}</UniqueIdentifier>
    </Filter>
  </ItemGroup>
  <ItemGroup>
    <ClInclude Include="Include\olcPixelGameEngine.h">
      <Filter>소스 파일</Filter>
    </ClInclude>
    <ClInclude Include="Include\Core.h">
      <Filter>소스 파일\Core</Filter>
    </ClInclude>
    <ClInclude Include="Include\pch.h">
      <Filter>소스 파일</Filter>
    </ClInclude>
    <ClInclude Include="Include\Scene\Scene.h">
      <Filter>소스 파일\Scene</Filter>
    </ClInclude>
    <ClInclude Include="Include\Object\Obj.h">
      <Filter>소스 파일\Object</Filter>
    </ClInclude>
    <ClInclude Include="Include\Object\Tile.h">
      <Filter>소스 파일\Object\Map</Filter>
    </ClInclude>
    <ClInclude Include="Include\Flag.h">
      <Filter>소스 파일\Etc</Filter>
    </ClInclude>
    <ClInclude Include="Include\Object\Map.h">
      <Filter>소스 파일\Object\Map</Filter>
    </ClInclude>
    <ClInclude Include="Include\Object\Tower.h">
      <Filter>소스 파일\Object\Tower</Filter>
    </ClInclude>
    <ClInclude Include="Include\Object\Enemy.h">
      <Filter>소스 파일\Object\Enemy</Filter>
    </ClInclude>
    <ClInclude Include="Include\Object\Bullet.h">
      <Filter>소스 파일\Object\Bullet</Filter>
    </ClInclude>
    <ClInclude Include="Include\Object\Wave.h">
      <Filter>소스 파일\Object\Enemy</Filter>
    </ClInclude>
    <ClInclude Include="Include\Scene\InGameScene.h">
      <Filter>소스 파일\Scene\Stage</Filter>
    </ClInclude>
    <ClInclude Include="Include\Scene\StageTest.h">
      <Filter>소스 파일\Scene\Stage</Filter>
    </ClInclude>
    <ClInclude Include="Include\Object\DebuffTower.h">
      <Filter>소스 파일\Object\Tower</Filter>
    </ClInclude>
    <ClInclude Include="Include\Object\MortarTower.h">
      <Filter>소스 파일\Object\Tower</Filter>
    </ClInclude>
    <ClInclude Include="Include\Object\NormalTower.h">
      <Filter>소스 파일\Object\Tower</Filter>
    </ClInclude>
    <ClInclude Include="Include\Object\BurstTower.h">
      <Filter>소스 파일\Object\Tower</Filter>
    </ClInclude>
    <ClInclude Include="Include\Scene\StartScene.h">
      <Filter>소스 파일\Scene</Filter>
    </ClInclude>
    <ClInclude Include="Include\Scene\GameOver.h">
      <Filter>소스 파일\Scene</Filter>
    </ClInclude>
    <ClInclude Include="Include\Scene\Stage_1.h">
      <Filter>소스 파일\Scene\Stage</Filter>
    </ClInclude>
    <ClInclude Include="Include\Scene\Stage_2.h">
      <Filter>소스 파일\Scene\Stage</Filter>
    </ClInclude>
    <ClInclude Include="Include\Scene\Stage_3.h">
      <Filter>소스 파일\Scene\Stage</Filter>
    </ClInclude>
    <ClInclude Include="Include\Scene\GameClear.h">
      <Filter>소스 파일\Scene</Filter>
    </ClInclude>
  </ItemGroup>
  <ItemGroup>
    <ClCompile Include="Include\main.cpp">
      <Filter>소스 파일</Filter>
    </ClCompile>
    <ClCompile Include="Include\Core.cpp">
      <Filter>소스 파일\Core</Filter>
    </ClCompile>
    <ClCompile Include="Include\Scene\Scene.cpp">
      <Filter>소스 파일\Scene</Filter>
    </ClCompile>
    <ClCompile Include="Include\Object\Obj.cpp">
      <Filter>소스 파일\Object</Filter>
    </ClCompile>
    <ClCompile Include="Include\Object\Tile.cpp">
      <Filter>소스 파일\Object\Map</Filter>
    </ClCompile>
    <ClCompile Include="Include\Object\Map.cpp">
      <Filter>소스 파일\Object\Map</Filter>
    </ClCompile>
    <ClCompile Include="Include\Object\Tower.cpp">
      <Filter>소스 파일\Object\Tower</Filter>
    </ClCompile>
    <ClCompile Include="Include\Object\Enemy.cpp">
      <Filter>소스 파일\Object\Enemy</Filter>
    </ClCompile>
    <ClCompile Include="Include\Object\Bullet.cpp">
      <Filter>소스 파일\Object\Bullet</Filter>
    </ClCompile>
    <ClCompile Include="Include\Object\Wave.cpp">
      <Filter>소스 파일\Object\Enemy</Filter>
    </ClCompile>
    <ClCompile Include="Include\Scene\InGameScene.cpp">
      <Filter>소스 파일\Scene\Stage</Filter>
    </ClCompile>
    <ClCompile Include="Include\Scene\StageTest.cpp">
      <Filter>소스 파일\Scene\Stage</Filter>
    </ClCompile>
    <ClCompile Include="Include\Object\NormalTower.cpp">
      <Filter>소스 파일\Object\Tower</Filter>
    </ClCompile>
    <ClCompile Include="Include\Object\MortarTower.cpp">
      <Filter>소스 파일\Object\Tower</Filter>
    </ClCompile>
    <ClCompile Include="Include\Object\DebuffTower.cpp">
      <Filter>소스 파일\Object\Tower</Filter>
    </ClCompile>
    <ClCompile Include="Include\Object\BurstTower.cpp">
      <Filter>소스 파일\Object\Tower</Filter>
    </ClCompile>
    <ClCompile Include="Include\Scene\StartScene.cpp">
      <Filter>소스 파일\Scene</Filter>
    </ClCompile>
    <ClCompile Include="Include\Scene\GameOver.cpp">
      <Filter>소스 파일\Scene</Filter>
    </ClCompile>
    <ClCompile Include="Include\Scene\Stage_1.cpp">
      <Filter>소스 파일\Scene\Stage</Filter>
    </ClCompile>
    <ClCompile Include="Include\Scene\Stage_2.cpp">
      <Filter>소스 파일\Scene\Stage</Filter>
    </ClCompile>
    <ClCompile Include="Include\Scene\Stage_3.cpp">
      <Filter>소스 파일\Scene\Stage</Filter>
    </ClCompile>
    <ClCompile Include="Include\Scene\GameClear.cpp">
      <Filter>소스 파일\Scene</Filter>
    </ClCompile>
  </ItemGroup>
  <ItemGroup>
    <Text Include="memo.txt">
      <Filter>소스 파일</Filter>
    </Text>
  </ItemGroup>
</Project>